{
  "object": {
    "pins": [
      {
        "package": "AppCenter",
        "repositoryURL": "https://github.com/microsoft/appcenter-sdk-apple.git",
        "state": {
          "branch": null,
          "revision": "b84bc8a39ff04bc8d5ae7b4d230c171c562891aa",
          "version": "4.4.1"
        }
      },
      {
        "package": "PLCrashReporter",
        "repositoryURL": "https://github.com/microsoft/PLCrashReporter.git",
        "state": {
          "branch": null,
          "revision": "6b27393cad517c067dceea85fadf050e70c4ceaa",
          "version": "1.10.1"
        }
      }
    ]
  },
  "version": 1
}
